
Microsoft Visual Studio Solution File, Format Version 12.00
# Visual Studio Version 16
VisualStudioVersion = 16.0.31829.152
MinimumVisualStudioVersion = 10.0.40219.1
Project("{FAE04EC0-301F-11D3-BF4B-00C04F79EFBC}") = "aspnetapp", "aspnetapp\aspnetapp.csproj", "{89C6E8A4-B5F3-4320-B67A-8E1525D56C1C}"
EndProject
Global
	GlobalSection(SolutionConfigurationPlatforms) = preSolution
		Debug|Any CPU = Debug|Any CPU
		Release|Any CPU = Release|Any CPU
	EndGlobalSection
	GlobalSection(ProjectConfigurationPlatforms) = postSolution
		{89C6E8A4-B5F3-4320-B67A-8E1525D56C1C}.Debug|Any CPU.ActiveCfg = Debug|Any CPU
		{89C6E8A4-B5F3-4320-B67A-8E1525D56C1C}.Debug|Any CPU.Build.0 = Debug|Any CPU
		{89C6E8A4-B5F3-4320-B67A-8E1525D56C1C}.Release|Any CPU.ActiveCfg = Release|Any CPU
		{89C6E8A4-B5F3-4320-B67A-8E1525D56C1C}.Release|Any CPU.Build.0 = Release|Any CPU
	EndGlobalSection
	GlobalSection(SolutionProperties) = preSolution
		HideSolutionNode = FALSE
	EndGlobalSection
	GlobalSection(ExtensibilityGlobals) = postSolution
		SolutionGuid = {1142D33D-A516-4905-B783-8891504CEFC8}
	EndGlobalSection
EndGlobal
